
Microsoft Visual Studio Solution File, Format Version 12.00
# Visual Studio Version 16
VisualStudioVersion = 16.0.31321.278
MinimumVisualStudioVersion = 10.0.40219.1
Project("{9A19103F-16F7-4668-BE54-9A1E7A4F7556}") = "SHA3.Net", "src\SHA3.Net\SHA3.Net.csproj", "{36C16BF9-F0CC-484D-9BF8-24BDDCAC663E}"
EndProject
Project("{FAE04EC0-301F-11D3-BF4B-00C04F79EFBC}") = "SHA3.Net.Tests", "tests\SHA3.Net.Tests\SHA3.Net.Tests.csproj", "{067D4FA6-4D73-4C8A-9CE5-6223FB9AACDE}"
EndProject
Global
	GlobalSection(SolutionConfigurationPlatforms) = preSolution
		Debug|Any CPU = Debug|Any CPU
		Release|Any CPU = Release|Any CPU
	EndGlobalSection
	GlobalSection(ProjectConfigurationPlatforms) = postSolution
		{36C16BF9-F0CC-484D-9BF8-24BDDCAC663E}.Debug|Any CPU.ActiveCfg = Debug|Any CPU
		{36C16BF9-F0CC-484D-9BF8-24BDDCAC663E}.Debug|Any CPU.Build.0 = Debug|Any CPU
		{36C16BF9-F0CC-484D-9BF8-24BDDCAC663E}.Release|Any CPU.ActiveCfg = Release|Any CPU
		{36C16BF9-F0CC-484D-9BF8-24BDDCAC663E}.Release|Any CPU.Build.0 = Release|Any CPU
		{067D4FA6-4D73-4C8A-9CE5-6223FB9AACDE}.Debug|Any CPU.ActiveCfg = Debug|Any CPU
		{067D4FA6-4D73-4C8A-9CE5-6223FB9AACDE}.Debug|Any CPU.Build.0 = Debug|Any CPU
		{067D4FA6-4D73-4C8A-9CE5-6223FB9AACDE}.Release|Any CPU.ActiveCfg = Release|Any CPU
		{067D4FA6-4D73-4C8A-9CE5-6223FB9AACDE}.Release|Any CPU.Build.0 = Release|Any CPU
	EndGlobalSection
	GlobalSection(SolutionProperties) = preSolution
		HideSolutionNode = FALSE
	EndGlobalSection
	GlobalSection(ExtensibilityGlobals) = postSolution
		SolutionGuid = {08EF081B-9918-47AF-BDF3-0050E8339106}
	EndGlobalSection
EndGlobal
